<?xml version="1.0" encoding="utf-8"?>
<Project ToolsVersion="4.0" xmlns="http://schemas.microsoft.com/developer/msbuild/2003">
  <ItemGroup>
    <ClCompile Include="pch.cpp" />
    <ClCompile Include="test_caa_graph.cpp" />
    <ClCompile Include="test_ual_graph.cpp" />
    <ClCompile Include="test_concomp.cpp" />
    <ClCompile Include="data_routes.cpp">
      <Filter>data</Filter>
    </ClCompile>
    <ClCompile Include="vov_test.cpp" />
    <ClCompile Include="compressed_test.cpp" />
    <ClCompile Include="test_vov_adaptor.cpp" />
  </ItemGroup>
  <ItemGroup>
    <ClInclude Include="pch.h" />
    <ClInclude Include="data_routes.hpp">
      <Filter>data</Filter>
    </ClInclude>
  </ItemGroup>
  <ItemGroup>
    <None Include="packages.config" />
  </ItemGroup>
  <ItemGroup>
    <Filter Include="data">
      <UniqueIdentifier>{4ef46645-83e4-4aad-8330-297fd6ece676}</UniqueIdentifier>
    </Filter>
  </ItemGroup>
</Project>