
Microsoft Visual Studio Solution File, Format Version 12.00
# Visual Studio Version 16
VisualStudioVersion = 16.0.29509.3
MinimumVisualStudioVersion = 10.0.40219.1
Project("{8BC9CEB8-8B4A-11D0-8D11-00A0C91BC942}") = "test", "test\test.vcxproj", "{357F34C0-AD47-44F9-886D-B9B57C82C9DE}"
EndProject
Project("{2150E333-8FDC-42A3-9474-1A3956D46DE8}") = "include", "include", "{C528C0F5-3ED0-4C8B-A623-9639CF1BE4BF}"
EndProject
Project("{2150E333-8FDC-42A3-9474-1A3956D46DE8}") = "graph", "graph", "{42245303-B7DB-4C12-9926-11E7580C3C14}"
	ProjectSection(SolutionItems) = preProject
		include\graph\compressed_adj_array.hpp = include\graph\compressed_adj_array.hpp
		include\graph\graph.hpp = include\graph\graph.hpp
		include\graph\graph_fwd.hpp = include\graph\graph_fwd.hpp
		include\graph\graph_utility.hpp = include\graph\graph_utility.hpp
		include\graph\undirected_adj_list.hpp = include\graph\undirected_adj_list.hpp
	EndProjectSection
EndProject
Project("{2150E333-8FDC-42A3-9474-1A3956D46DE8}") = "range", "range", "{6F31AFF7-259A-4B3C-9559-4D756D2B09B7}"
	ProjectSection(SolutionItems) = preProject
		include\graph\range\bfs.hpp = include\graph\range\bfs.hpp
		include\graph\range\bfs_edge_range.hpp = include\graph\range\bfs_edge_range.hpp
		include\graph\range\bfs_range.hpp = include\graph\range\bfs_range.hpp
		include\graph\range\dag_range.hpp = include\graph\range\dag_range.hpp
		include\graph\range\dfs.hpp = include\graph\range\dfs.hpp
		include\graph\range\dfs_range.hpp = include\graph\range\dfs_range.hpp
		include\graph\range\filtered_bfs_range.hpp = include\graph\range\filtered_bfs_range.hpp
		include\graph\range\new_dfs_range.hpp = include\graph\range\new_dfs_range.hpp
		include\graph\range\topo_sort.hpp = include\graph\range\topo_sort.hpp
	EndProjectSection
EndProject
Project("{2150E333-8FDC-42A3-9474-1A3956D46DE8}") = "algorithm", "algorithm", "{1B39F91E-48A8-4D17-8DEE-C694CE374A6D}"
	ProjectSection(SolutionItems) = preProject
		include\graph\algorithm\articulation_poiints.hpp = include\graph\algorithm\articulation_poiints.hpp
		include\graph\algorithm\boykov_kolmogorov.hpp = include\graph\algorithm\boykov_kolmogorov.hpp
		include\graph\algorithm\boykov_kolmogorov2.hpp = include\graph\algorithm\boykov_kolmogorov2.hpp
		include\graph\algorithm\boykov_kolmogorov3.hpp = include\graph\algorithm\boykov_kolmogorov3.hpp
		include\graph\algorithm\connected_component.hpp = include\graph\algorithm\connected_component.hpp
		include\graph\algorithm\dag_based_mis.hpp = include\graph\algorithm\dag_based_mis.hpp
		include\graph\algorithm\jones_plassmann_coloring.hpp = include\graph\algorithm\jones_plassmann_coloring.hpp
		include\graph\algorithm\k_core.hpp = include\graph\algorithm\k_core.hpp
		include\graph\algorithm\max_flow.hpp = include\graph\algorithm\max_flow.hpp
		include\graph\algorithm\mis.hpp = include\graph\algorithm\mis.hpp
		include\graph\algorithm\page_rank.hpp = include\graph\algorithm\page_rank.hpp
		include\graph\algorithm\shortest_paths.hpp = include\graph\algorithm\shortest_paths.hpp
		include\graph\algorithm\spanning_tree.hpp = include\graph\algorithm\spanning_tree.hpp
		include\graph\algorithm\spMatspMat.hpp = include\graph\algorithm\spMatspMat.hpp
		include\graph\algorithm\transitive_closure.hpp = include\graph\algorithm\transitive_closure.hpp
		include\graph\algorithm\triangle_count.hpp = include\graph\algorithm\triangle_count.hpp
		include\graph\algorithm\utils.hpp = include\graph\algorithm\utils.hpp
	EndProjectSection
EndProject
Project("{2150E333-8FDC-42A3-9474-1A3956D46DE8}") = "adaptors", "adaptors", "{80652490-1FD3-4DA4-8986-2EA29FB1F441}"
EndProject
Project("{2150E333-8FDC-42A3-9474-1A3956D46DE8}") = "Solution Items", "Solution Items", "{59FC2CF8-6CB3-456B-BA96-761CAE23308C}"
	ProjectSection(SolutionItems) = preProject
		README.md = README.md
	EndProjectSection
EndProject
Project("{2150E333-8FDC-42A3-9474-1A3956D46DE8}") = "bgl17", "bgl17", "{D1335215-222B-4795-82DF-CCE1673DA9D3}"
	ProjectSection(SolutionItems) = preProject
		adaptors\bgl17\aolos.hpp = adaptors\bgl17\aolos.hpp
		adaptors\bgl17\aos.hpp = adaptors\bgl17\aos.hpp
		adaptors\bgl17\compressed.hpp = adaptors\bgl17\compressed.hpp
		adaptors\bgl17\degree.hpp = adaptors\bgl17\degree.hpp
		adaptors\bgl17\disjoint_set.hpp = adaptors\bgl17\disjoint_set.hpp
		adaptors\bgl17\edge_list.hpp = adaptors\bgl17\edge_list.hpp
		adaptors\bgl17\graph_base.hpp = adaptors\bgl17\graph_base.hpp
		adaptors\bgl17\mmio.hpp = adaptors\bgl17\mmio.hpp
		adaptors\bgl17\neighbor_range.hpp = adaptors\bgl17\neighbor_range.hpp
		adaptors\bgl17\plain_range.hpp = adaptors\bgl17\plain_range.hpp
		adaptors\bgl17\random_range.hpp = adaptors\bgl17\random_range.hpp
		adaptors\bgl17\reverse.hpp = adaptors\bgl17\reverse.hpp
		adaptors\bgl17\spmv_range.hpp = adaptors\bgl17\spmv_range.hpp
		adaptors\bgl17\timer.hpp = adaptors\bgl17\timer.hpp
		adaptors\bgl17\util.hpp = adaptors\bgl17\util.hpp
		adaptors\bgl17\util_par.hpp = adaptors\bgl17\util_par.hpp
		adaptors\bgl17\vovos.hpp = adaptors\bgl17\vovos.hpp
	EndProjectSection
EndProject
Project("{2150E333-8FDC-42A3-9474-1A3956D46DE8}") = "attic", "attic", "{8FBEBA4F-9797-4A0B-B6E9-C4BFDFF6FFB3}"
	ProjectSection(SolutionItems) = preProject
		adaptors\bgl17\attic\compressed.hpp = adaptors\bgl17\attic\compressed.hpp
	EndProjectSection
EndProject
Project("{2150E333-8FDC-42A3-9474-1A3956D46DE8}") = "backlog", "backlog", "{C48C4310-BE33-49F4-96F3-61ADC3D66F8B}"
	ProjectSection(SolutionItems) = preProject
		adaptors\bgl17\backlog\adj.hpp = adaptors\bgl17\backlog\adj.hpp
		adaptors\bgl17\backlog\dimacs_io.hpp = adaptors\bgl17\backlog\dimacs_io.hpp
		adaptors\bgl17\backlog\vov.hpp = adaptors\bgl17\backlog\vov.hpp
	EndProjectSection
EndProject
Project("{2150E333-8FDC-42A3-9474-1A3956D46DE8}") = "checkpoint", "checkpoint", "{5A8B09F6-FCE2-4179-99D2-E456DE30221A}"
	ProjectSection(SolutionItems) = preProject
		adaptors\bgl17\checkpoint\adj.hpp = adaptors\bgl17\checkpoint\adj.hpp
		adaptors\bgl17\checkpoint\aos.hpp = adaptors\bgl17\checkpoint\aos.hpp
		adaptors\bgl17\checkpoint\attributed.hpp = adaptors\bgl17\checkpoint\attributed.hpp
		adaptors\bgl17\checkpoint\compressed.hpp = adaptors\bgl17\checkpoint\compressed.hpp
		adaptors\bgl17\checkpoint\dimacs_io.hpp = adaptors\bgl17\checkpoint\dimacs_io.hpp
		adaptors\bgl17\checkpoint\graph_base.hpp = adaptors\bgl17\checkpoint\graph_base.hpp
		adaptors\bgl17\checkpoint\mmio.hpp = adaptors\bgl17\checkpoint\mmio.hpp
		adaptors\bgl17\checkpoint\timer.hpp = adaptors\bgl17\checkpoint\timer.hpp
		adaptors\bgl17\checkpoint\util.hpp = adaptors\bgl17\checkpoint\util.hpp
		adaptors\bgl17\checkpoint\var_compressed.hpp = adaptors\bgl17\checkpoint\var_compressed.hpp
		adaptors\bgl17\checkpoint\vov.hpp = adaptors\bgl17\checkpoint\vov.hpp
		adaptors\bgl17\checkpoint\vtuple.cpp = adaptors\bgl17\checkpoint\vtuple.cpp
	EndProjectSection
EndProject
Project("{2150E333-8FDC-42A3-9474-1A3956D46DE8}") = "detail", "detail", "{8410FEC4-523E-46AF-AE02-8BF9D0DAF647}"
	ProjectSection(SolutionItems) = preProject
		adaptors\bgl17\detail\numeric.hpp = adaptors\bgl17\detail\numeric.hpp
	EndProjectSection
EndProject
Project("{2150E333-8FDC-42A3-9474-1A3956D46DE8}") = "detail", "detail", "{18AF61EA-6F9E-4555-8AEE-C462598E4330}"
	ProjectSection(SolutionItems) = preProject
		include\graph\detail\compressed_adj_array_impl.hpp = include\graph\detail\compressed_adj_array_impl.hpp
		include\graph\detail\graph_fwd_impl.hpp = include\graph\detail\graph_fwd_impl.hpp
		include\graph\detail\undirected_adj_list_impl.hpp = include\graph\detail\undirected_adj_list_impl.hpp
	EndProjectSection
EndProject
Project("{2150E333-8FDC-42A3-9474-1A3956D46DE8}") = "data", "data", "{C3A137DA-3D56-4110-A95A-53AD0DA264B1}"
EndProject
Global
	GlobalSection(SolutionConfigurationPlatforms) = preSolution
		Debug|x64 = Debug|x64
		Debug|x86 = Debug|x86
		Release|x64 = Release|x64
		Release|x86 = Release|x86
	EndGlobalSection
	GlobalSection(ProjectConfigurationPlatforms) = postSolution
		{357F34C0-AD47-44F9-886D-B9B57C82C9DE}.Debug|x64.ActiveCfg = Debug|x64
		{357F34C0-AD47-44F9-886D-B9B57C82C9DE}.Debug|x64.Build.0 = Debug|x64
		{357F34C0-AD47-44F9-886D-B9B57C82C9DE}.Debug|x86.ActiveCfg = Debug|Win32
		{357F34C0-AD47-44F9-886D-B9B57C82C9DE}.Debug|x86.Build.0 = Debug|Win32
		{357F34C0-AD47-44F9-886D-B9B57C82C9DE}.Release|x64.ActiveCfg = Release|x64
		{357F34C0-AD47-44F9-886D-B9B57C82C9DE}.Release|x64.Build.0 = Release|x64
		{357F34C0-AD47-44F9-886D-B9B57C82C9DE}.Release|x86.ActiveCfg = Release|Win32
		{357F34C0-AD47-44F9-886D-B9B57C82C9DE}.Release|x86.Build.0 = Release|Win32
	EndGlobalSection
	GlobalSection(SolutionProperties) = preSolution
		HideSolutionNode = FALSE
	EndGlobalSection
	GlobalSection(NestedProjects) = preSolution
		{42245303-B7DB-4C12-9926-11E7580C3C14} = {C528C0F5-3ED0-4C8B-A623-9639CF1BE4BF}
		{6F31AFF7-259A-4B3C-9559-4D756D2B09B7} = {42245303-B7DB-4C12-9926-11E7580C3C14}
		{1B39F91E-48A8-4D17-8DEE-C694CE374A6D} = {42245303-B7DB-4C12-9926-11E7580C3C14}
		{D1335215-222B-4795-82DF-CCE1673DA9D3} = {80652490-1FD3-4DA4-8986-2EA29FB1F441}
		{8FBEBA4F-9797-4A0B-B6E9-C4BFDFF6FFB3} = {D1335215-222B-4795-82DF-CCE1673DA9D3}
		{C48C4310-BE33-49F4-96F3-61ADC3D66F8B} = {D1335215-222B-4795-82DF-CCE1673DA9D3}
		{5A8B09F6-FCE2-4179-99D2-E456DE30221A} = {D1335215-222B-4795-82DF-CCE1673DA9D3}
		{8410FEC4-523E-46AF-AE02-8BF9D0DAF647} = {D1335215-222B-4795-82DF-CCE1673DA9D3}
		{18AF61EA-6F9E-4555-8AEE-C462598E4330} = {42245303-B7DB-4C12-9926-11E7580C3C14}
	EndGlobalSection
	GlobalSection(ExtensibilityGlobals) = postSolution
		SolutionGuid = {3DE43A65-513E-4C25-82B5-0373B806D033}
	EndGlobalSection
EndGlobal
